# This file is automatically @generated by Cargo.
# It is not intended for manual editing.
version = 3

[[package]]
name = "error-iter"
version = "0.4.1"
source = "registry+https://github.com/rust-lang/crates.io-index"
checksum = "8070547d90d1b98debb6626421d742c897942bbb78f047694a5eb769495eccd6"

[[package]]
name = "example-basic"
version = "0.1.0"
dependencies = [
 "error-iter",
 "onlyargs",
]

[[package]]
name = "example-full"
version = "0.1.0"
dependencies = [
 "error-iter",
 "onlyargs",
 "onlyerror",
]

[[package]]
name = "example-full-derive"
version = "0.1.0"
dependencies = [
 "error-iter",
 "onlyargs",
 "onlyargs_derive",
 "onlyerror",
]

[[package]]
name = "myn"
version = "0.2.1"
source = "registry+https://github.com/rust-lang/crates.io-index"
checksum = "51eb7addae0a5fbc6616160ee79bb7244eb644e2d18becf2f8f03603e06de63a"

[[package]]
name = "onlyargs"
version = "0.1.3"
dependencies = [
 "error-iter",
]

[[package]]
name = "onlyargs_derive"
version = "0.1.3"
dependencies = [
 "myn",
 "onlyargs",
]

[[package]]
name = "onlyerror"
version = "0.1.4"
source = "registry+https://github.com/rust-lang/crates.io-index"
checksum = "8c26d4ea2ccd9b7acedc478853805606e60c5b7b7aedfc1c54ed6d1fdc0587db"
dependencies = [
 "myn",
]
