# This file is automatically @generated by Cargo.
# It is not intended for manual editing.
version = 3

[[package]]
name = "derive-example"
version = "0.1.0"
dependencies = [
 "error-iter",
 "onlyargs",
 "onlyargs_derive",
 "onlyerror",
]

[[package]]
name = "error-iter"
version = "0.4.1"
source = "registry+https://github.com/rust-lang/crates.io-index"
checksum = "8070547d90d1b98debb6626421d742c897942bbb78f047694a5eb769495eccd6"

[[package]]
name = "myn"
version = "0.1.0"
source = "registry+https://github.com/rust-lang/crates.io-index"
checksum = "f950af707b8005ae33bb0f0b20cb32b09750e7375085606dc45b2f2078a34e52"

[[package]]
name = "onlyargs"
version = "0.1.1"
dependencies = [
 "error-iter",
]

[[package]]
name = "onlyargs_derive"
version = "0.1.1"
dependencies = [
 "myn",
 "onlyargs",
]

[[package]]
name = "onlyerror"
version = "0.1.0"
source = "registry+https://github.com/rust-lang/crates.io-index"
checksum = "3de62063c9f7ef82b259f3530af425d0b8bba375c7f790087616d8a613b5f8bc"
dependencies = [
 "myn",
]
